
Microsoft Visual Studio Solution File, Format Version 12.00
# Visual Studio Version 16
VisualStudioVersion = 16.0.33423.256
MinimumVisualStudioVersion = 10.0.40219.1
Project("{FAE04EC0-301F-11D3-BF4B-00C04F79EFBC}") = "sorted_UAMS", "sorted_UAMS\sorted_UAMS.csproj", "{6591FB7D-320F-4EA2-902D-D97540C1DE31}"
EndProject
Global
	GlobalSection(SolutionConfigurationPlatforms) = preSolution
		Debug|Any CPU = Debug|Any CPU
		Release|Any CPU = Release|Any CPU
	EndGlobalSection
	GlobalSection(ProjectConfigurationPlatforms) = postSolution
		{6591FB7D-320F-4EA2-902D-D97540C1DE31}.Debug|Any CPU.ActiveCfg = Debug|Any CPU
		{6591FB7D-320F-4EA2-902D-D97540C1DE31}.Debug|Any CPU.Build.0 = Debug|Any CPU
		{6591FB7D-320F-4EA2-902D-D97540C1DE31}.Release|Any CPU.ActiveCfg = Release|Any CPU
		{6591FB7D-320F-4EA2-902D-D97540C1DE31}.Release|Any CPU.Build.0 = Release|Any CPU
	EndGlobalSection
	GlobalSection(SolutionProperties) = preSolution
		HideSolutionNode = FALSE
	EndGlobalSection
	GlobalSection(ExtensibilityGlobals) = postSolution
		SolutionGuid = {23D917E7-EAA3-4B8C-973A-669BD853B432}
	EndGlobalSection
EndGlobal
